<?xml version="1.0" encoding="utf-8"?>
<Project ToolsVersion="4.0" xmlns="http://schemas.microsoft.com/developer/msbuild/2003">
  <ItemGroup>
    <Filter Include="Source Files">
      <UniqueIdentifier>{4FC737F1-C7A5-4376-A066-2A32D752A2FF}</UniqueIdentifier>
      <Extensions>cpp;c;cc;cxx;def;odl;idl;hpj;bat;asm;asmx</Extensions>
    </Filter>
    <Filter Include="Resource Files">
      <UniqueIdentifier>{d7007ad2-ce68-41fc-b015-3348f278f8ea}</UniqueIdentifier>
    </Filter>
    <Filter Include="Header Files">
      <UniqueIdentifier>{93995380-89BD-4b04-88EB-625FBE52EBFB}</UniqueIdentifier>
      <Extensions>h;hpp;hxx;hm;inl;inc;xsd</Extensions>
    </Filter>
  </ItemGroup>
  <ItemGroup>
    <ClCompile Include="api_override.cpp">
      <Filter>Source Files</Filter>
    </ClCompile>
    <ClCompile Include="com_override.cpp">
      <Filter>Source Files</Filter>
    </ClCompile>
    <ClCompile Include="font_store.cpp">
      <Filter>Source Files</Filter>
    </ClCompile>
    <ClCompile Include="gamma.cpp">
      <Filter>Source Files</Filter>
    </ClCompile>
    <ClCompile Include="gdi_painter.cpp">
      <Filter>Source Files</Filter>
    </ClCompile>
    <ClCompile Include="gdipp_client.cpp">
      <Filter>Source Files</Filter>
    </ClCompile>
    <ClCompile Include="..\gdipp_rpc\x64\gdipp_rpc_c.c">
      <Filter>Source Files</Filter>
    </ClCompile>
    <ClCompile Include="..\gdipp_rpc\Win32\gdipp_rpc_c.c">
      <Filter>Source Files</Filter>
    </ClCompile>
    <ClCompile Include="global.cpp">
      <Filter>Source Files</Filter>
    </ClCompile>
    <ClCompile Include="helper.cpp">
      <Filter>Source Files</Filter>
    </ClCompile>
    <ClCompile Include="hook.cpp">
      <Filter>Source Files</Filter>
    </ClCompile>
    <ClCompile Include="mem_man.cpp">
      <Filter>Source Files</Filter>
    </ClCompile>
    <ClCompile Include="painter.cpp">
      <Filter>Source Files</Filter>
    </ClCompile>
    <ClCompile Include="stdafx.cpp">
      <Filter>Source Files</Filter>
    </ClCompile>
    <ClCompile Include="wic_dib.cpp">
      <Filter>Source Files</Filter>
    </ClCompile>
    <ClCompile Include="wic_painter.cpp">
      <Filter>Source Files</Filter>
    </ClCompile>
  </ItemGroup>
  <ItemGroup>
    <ResourceCompile Include="gdipp_client.rc">
      <Filter>Resource Files</Filter>
    </ResourceCompile>
  </ItemGroup>
  <ItemGroup>
    <ClInclude Include="api_override.h">
      <Filter>Header Files</Filter>
    </ClInclude>
    <ClInclude Include="com_override.h">
      <Filter>Header Files</Filter>
    </ClInclude>
    <ClInclude Include="font_store.h">
      <Filter>Header Files</Filter>
    </ClInclude>
    <ClInclude Include="gamma.h">
      <Filter>Header Files</Filter>
    </ClInclude>
    <ClInclude Include="gdi_painter.h">
      <Filter>Header Files</Filter>
    </ClInclude>
    <ClInclude Include="..\gdipp_rpc\gdipp_rpc.h">
      <Filter>Header Files</Filter>
    </ClInclude>
    <ClInclude Include="global.h">
      <Filter>Header Files</Filter>
    </ClInclude>
    <ClInclude Include="helper.h">
      <Filter>Header Files</Filter>
    </ClInclude>
    <ClInclude Include="hook.h">
      <Filter>Header Files</Filter>
    </ClInclude>
    <ClInclude Include="mem_man.h">
      <Filter>Header Files</Filter>
    </ClInclude>
    <ClInclude Include="painter.h">
      <Filter>Header Files</Filter>
    </ClInclude>
    <ClInclude Include="resource.h">
      <Filter>Header Files</Filter>
    </ClInclude>
    <ClInclude Include="stdafx.h">
      <Filter>Header Files</Filter>
    </ClInclude>
    <ClInclude Include="wic_dib.h">
      <Filter>Header Files</Filter>
    </ClInclude>
    <ClInclude Include="wic_painter.h">
      <Filter>Header Files</Filter>
    </ClInclude>
  </ItemGroup>
</Project>