<?xml version="1.0" encoding="utf-8"?>
<Project ToolsVersion="4.0" xmlns="http://schemas.microsoft.com/developer/msbuild/2003">
  <ItemGroup>
    <Filter Include="Source Files">
      <UniqueIdentifier>{4FC737F1-C7A5-4376-A066-2A32D752A2FF}</UniqueIdentifier>
      <Extensions>cpp;c;cc;cxx;def;odl;idl;hpj;bat;asm;asmx</Extensions>
    </Filter>
    <Filter Include="Header Files">
      <UniqueIdentifier>{93995380-89BD-4b04-88EB-625FBE52EBFB}</UniqueIdentifier>
      <Extensions>h;hpp;hxx;hm;inl;inc;xsd</Extensions>
    </Filter>
    <Filter Include="Resource Files">
      <UniqueIdentifier>{d36dc167-751d-4288-bf2d-919ea32f4856}</UniqueIdentifier>
    </Filter>
  </ItemGroup>
  <ItemGroup>
    <ClCompile Include="client_config_static.cpp">
      <Filter>Source Files</Filter>
    </ClCompile>
    <ClCompile Include="config.cpp">
      <Filter>Source Files</Filter>
    </ClCompile>
    <ClCompile Include="config_file.cpp">
      <Filter>Source Files</Filter>
    </ClCompile>
    <ClCompile Include="exclude_config.cpp">
      <Filter>Source Files</Filter>
    </ClCompile>
    <ClCompile Include="font_config_criteria.cpp">
      <Filter>Source Files</Filter>
    </ClCompile>
    <ClCompile Include="proc_config_criteria.cpp">
      <Filter>Source Files</Filter>
    </ClCompile>
    <ClCompile Include="render_config_cache.cpp">
      <Filter>Source Files</Filter>
    </ClCompile>
    <ClCompile Include="render_config_delta.cpp">
      <Filter>Source Files</Filter>
    </ClCompile>
    <ClCompile Include="render_config_delta_cache.cpp">
      <Filter>Source Files</Filter>
    </ClCompile>
    <ClCompile Include="render_config_static.cpp">
      <Filter>Source Files</Filter>
    </ClCompile>
    <ClCompile Include="stdafx.cpp">
      <Filter>Source Files</Filter>
    </ClCompile>
  </ItemGroup>
  <ItemGroup>
    <ClInclude Include="client_config_static.h">
      <Filter>Header Files</Filter>
    </ClInclude>
    <ClInclude Include="config.h">
      <Filter>Header Files</Filter>
    </ClInclude>
    <ClInclude Include="config_file.h">
      <Filter>Header Files</Filter>
    </ClInclude>
    <ClInclude Include="constant_client.h">
      <Filter>Header Files</Filter>
    </ClInclude>
    <ClInclude Include="constant_demo.h">
      <Filter>Header Files</Filter>
    </ClInclude>
    <ClInclude Include="constant_hook.h">
      <Filter>Header Files</Filter>
    </ClInclude>
    <ClInclude Include="constant_server.h">
      <Filter>Header Files</Filter>
    </ClInclude>
    <ClInclude Include="exclude_config.h">
      <Filter>Header Files</Filter>
    </ClInclude>
    <ClInclude Include="font_config_criteria.h">
      <Filter>Header Files</Filter>
    </ClInclude>
    <ClInclude Include="proc_config_criteria.h">
      <Filter>Header Files</Filter>
    </ClInclude>
    <ClInclude Include="render_config_cache.h">
      <Filter>Header Files</Filter>
    </ClInclude>
    <ClInclude Include="render_config_delta.h">
      <Filter>Header Files</Filter>
    </ClInclude>
    <ClInclude Include="render_config_delta_cache.h">
      <Filter>Header Files</Filter>
    </ClInclude>
    <ClInclude Include="render_config_static.h">
      <Filter>Header Files</Filter>
    </ClInclude>
    <ClInclude Include="resource.h">
      <Filter>Header Files</Filter>
    </ClInclude>
    <ClInclude Include="stdafx.h">
      <Filter>Header Files</Filter>
    </ClInclude>
  </ItemGroup>
  <ItemGroup>
    <ResourceCompile Include="gdipp_config.rc">
      <Filter>Resource Files</Filter>
    </ResourceCompile>
  </ItemGroup>
</Project>